
Microsoft Visual Studio Solution File, Format Version 12.00
# Visual Studio Version 17
VisualStudioVersion = 17.3.32922.545
MinimumVisualStudioVersion = 10.0.40219.1
Project("{FAE04EC0-301F-11D3-BF4B-00C04F79EFBC}") = "day01", "day01\day01.csproj", "{B1957CC1-EF08-434A-97AC-139EECCD50A1}"
EndProject
Global
	GlobalSection(SolutionConfigurationPlatforms) = preSolution
		Debug|Any CPU = Debug|Any CPU
		Release|Any CPU = Release|Any CPU
	EndGlobalSection
	GlobalSection(ProjectConfigurationPlatforms) = postSolution
		{B1957CC1-EF08-434A-97AC-139EECCD50A1}.Debug|Any CPU.ActiveCfg = Debug|Any CPU
		{B1957CC1-EF08-434A-97AC-139EECCD50A1}.Debug|Any CPU.Build.0 = Debug|Any CPU
		{B1957CC1-EF08-434A-97AC-139EECCD50A1}.Release|Any CPU.ActiveCfg = Release|Any CPU
		{B1957CC1-EF08-434A-97AC-139EECCD50A1}.Release|Any CPU.Build.0 = Release|Any CPU
	EndGlobalSection
	GlobalSection(SolutionProperties) = preSolution
		HideSolutionNode = FALSE
	EndGlobalSection
	GlobalSection(ExtensibilityGlobals) = postSolution
		SolutionGuid = {BEAC2EE8-FB1C-4979-9918-260A2E6B2231}
	EndGlobalSection
EndGlobal
